// !$*UTF8*$!
{
	archiveVersion = 1;
	classes = {
	};
	objectVersion = 56;
	objects = {

/* Begin PBXBuildFile section */
		715F42B5297C406E003DD749 /* AppDelegate.swift in Sources */ = {isa = PBXBuildFile; fileRef = 715F42B4297C406E003DD749 /* AppDelegate.swift */; };
		715F42B7297C406E003DD749 /* SceneDelegate.swift in Sources */ = {isa = PBXBuildFile; fileRef = 715F42B6297C406E003DD749 /* SceneDelegate.swift */; };
		715F42B9297C406E003DD749 /* ViewController.swift in Sources */ = {isa = PBXBuildFile; fileRef = 715F42B8297C406E003DD749 /* ViewController.swift */; };
		715F42BC297C406E003DD749 /* Main.storyboard in Resources */ = {isa = PBXBuildFile; fileRef = 715F42BA297C406E003DD749 /* Main.storyboard */; };
		715F42BE297C406E003DD749 /* Assets.xcassets in Resources */ = {isa = PBXBuildFile; fileRef = 715F42BD297C406E003DD749 /* Assets.xcassets */; };
		715F42C1297C406E003DD749 /* LaunchScreen.storyboard in Resources */ = {isa = PBXBuildFile; fileRef = 715F42BF297C406E003DD749 /* LaunchScreen.storyboard */; };
		715F42CC297C406E003DD749 /* TDD_Async_Combine_And_TimersTests.swift in Sources */ = {isa = PBXBuildFile; fileRef = 715F42CB297C406E003DD749 /* TDD_Async_Combine_And_TimersTests.swift */; };
		715F42D6297C406E003DD749 /* TDD_Async_Combine_And_TimersUITests.swift in Sources */ = {isa = PBXBuildFile; fileRef = 715F42D5297C406E003DD749 /* TDD_Async_Combine_And_TimersUITests.swift */; };
		715F42D8297C406E003DD749 /* TDD_Async_Combine_And_TimersUITestsLaunchTests.swift in Sources */ = {isa = PBXBuildFile; fileRef = 715F42D7297C406E003DD749 /* TDD_Async_Combine_And_TimersUITestsLaunchTests.swift */; };
		715F42E6297C40A6003DD749 /* CombineSchedulers in Frameworks */ = {isa = PBXBuildFile; productRef = 715F42E5297C40A6003DD749 /* CombineSchedulers */; };
		715F42E9297C40E6003DD749 /* FreshDataProvider.swift in Sources */ = {isa = PBXBuildFile; fileRef = 715F42E8297C40E6003DD749 /* FreshDataProvider.swift */; };
		715F42EC297DB15C003DD749 /* CombineExt in Frameworks */ = {isa = PBXBuildFile; productRef = 715F42EB297DB15C003DD749 /* CombineExt */; };
/* End PBXBuildFile section */

/* Begin PBXContainerItemProxy section */
		715F42C8297C406E003DD749 /* PBXContainerItemProxy */ = {
			isa = PBXContainerItemProxy;
			containerPortal = 715F42A9297C406E003DD749 /* Project object */;
			proxyType = 1;
			remoteGlobalIDString = 715F42B0297C406E003DD749;
			remoteInfo = "TDD-Async-Combine-And-Timers";
		};
		715F42D2297C406E003DD749 /* PBXContainerItemProxy */ = {
			isa = PBXContainerItemProxy;
			containerPortal = 715F42A9297C406E003DD749 /* Project object */;
			proxyType = 1;
			remoteGlobalIDString = 715F42B0297C406E003DD749;
			remoteInfo = "TDD-Async-Combine-And-Timers";
		};
/* End PBXContainerItemProxy section */

/* Begin PBXFileReference section */
		715F42B1297C406E003DD749 /* TDD-Async-Combine-And-Timers.app */ = {isa = PBXFileReference; explicitFileType = wrapper.application; includeInIndex = 0; path = "TDD-Async-Combine-And-Timers.app"; sourceTree = BUILT_PRODUCTS_DIR; };
		715F42B4297C406E003DD749 /* AppDelegate.swift */ = {isa = PBXFileReference; lastKnownFileType = sourcecode.swift; path = AppDelegate.swift; sourceTree = "<group>"; };
		715F42B6297C406E003DD749 /* SceneDelegate.swift */ = {isa = PBXFileReference; lastKnownFileType = sourcecode.swift; path = SceneDelegate.swift; sourceTree = "<group>"; };
		715F42B8297C406E003DD749 /* ViewController.swift */ = {isa = PBXFileReference; lastKnownFileType = sourcecode.swift; path = ViewController.swift; sourceTree = "<group>"; };
		715F42BB297C406E003DD749 /* Base */ = {isa = PBXFileReference; lastKnownFileType = file.storyboard; name = Base; path = Base.lproj/Main.storyboard; sourceTree = "<group>"; };
		715F42BD297C406E003DD749 /* Assets.xcassets */ = {isa = PBXFileReference; lastKnownFileType = folder.assetcatalog; path = Assets.xcassets; sourceTree = "<group>"; };
		715F42C0297C406E003DD749 /* Base */ = {isa = PBXFileReference; lastKnownFileType = file.storyboard; name = Base; path = Base.lproj/LaunchScreen.storyboard; sourceTree = "<group>"; };
		715F42C2297C406E003DD749 /* Info.plist */ = {isa = PBXFileReference; lastKnownFileType = text.plist.xml; path = Info.plist; sourceTree = "<group>"; };
		715F42C7297C406E003DD749 /* TDD-Async-Combine-And-TimersTests.xctest */ = {isa = PBXFileReference; explicitFileType = wrapper.cfbundle; includeInIndex = 0; path = "TDD-Async-Combine-And-TimersTests.xctest"; sourceTree = BUILT_PRODUCTS_DIR; };
		715F42CB297C406E003DD749 /* TDD_Async_Combine_And_TimersTests.swift */ = {isa = PBXFileReference; lastKnownFileType = sourcecode.swift; path = TDD_Async_Combine_And_TimersTests.swift; sourceTree = "<group>"; };
		715F42D1297C406E003DD749 /* TDD-Async-Combine-And-TimersUITests.xctest */ = {isa = PBXFileReference; explicitFileType = wrapper.cfbundle; includeInIndex = 0; path = "TDD-Async-Combine-And-TimersUITests.xctest"; sourceTree = BUILT_PRODUCTS_DIR; };
		715F42D5297C406E003DD749 /* TDD_Async_Combine_And_TimersUITests.swift */ = {isa = PBXFileReference; lastKnownFileType = sourcecode.swift; path = TDD_Async_Combine_And_TimersUITests.swift; sourceTree = "<group>"; };
		715F42D7297C406E003DD749 /* TDD_Async_Combine_And_TimersUITestsLaunchTests.swift */ = {isa = PBXFileReference; lastKnownFileType = sourcecode.swift; path = TDD_Async_Combine_And_TimersUITestsLaunchTests.swift; sourceTree = "<group>"; };
		715F42E8297C40E6003DD749 /* FreshDataProvider.swift */ = {isa = PBXFileReference; lastKnownFileType = sourcecode.swift; path = FreshDataProvider.swift; sourceTree = "<group>"; };
/* End PBXFileReference section */

/* Begin PBXFrameworksBuildPhase section */
		715F42AE297C406E003DD749 /* Frameworks */ = {
			isa = PBXFrameworksBuildPhase;
			buildActionMask = 2147483647;
			files = (
				715F42EC297DB15C003DD749 /* CombineExt in Frameworks */,
				715F42E6297C40A6003DD749 /* CombineSchedulers in Frameworks */,
			);
			runOnlyForDeploymentPostprocessing = 0;
		};
		715F42C4297C406E003DD749 /* Frameworks */ = {
			isa = PBXFrameworksBuildPhase;
			buildActionMask = 2147483647;
			files = (
			);
			runOnlyForDeploymentPostprocessing = 0;
		};
		715F42CE297C406E003DD749 /* Frameworks */ = {
			isa = PBXFrameworksBuildPhase;
			buildActionMask = 2147483647;
			files = (
			);
			runOnlyForDeploymentPostprocessing = 0;
		};
/* End PBXFrameworksBuildPhase section */

/* Begin PBXGroup section */
		715F42A8297C406E003DD749 = {
			isa = PBXGroup;
			children = (
				715F42B3297C406E003DD749 /* TDD-Async-Combine-And-Timers */,
				715F42CA297C406E003DD749 /* TDD-Async-Combine-And-TimersTests */,
				715F42D4297C406E003DD749 /* TDD-Async-Combine-And-TimersUITests */,
				715F42B2297C406E003DD749 /* Products */,
			);
			sourceTree = "<group>";
		};
		715F42B2297C406E003DD749 /* Products */ = {
			isa = PBXGroup;
			children = (
				715F42B1297C406E003DD749 /* TDD-Async-Combine-And-Timers.app */,
				715F42C7297C406E003DD749 /* TDD-Async-Combine-And-TimersTests.xctest */,
				715F42D1297C406E003DD749 /* TDD-Async-Combine-And-TimersUITests.xctest */,
			);
			name = Products;
			sourceTree = "<group>";
		};
		715F42B3297C406E003DD749 /* TDD-Async-Combine-And-Timers */ = {
			isa = PBXGroup;
			children = (
				715F42E7297C40CA003DD749 /* FreshDataProvider */,
				715F42B4297C406E003DD749 /* AppDelegate.swift */,
				715F42B6297C406E003DD749 /* SceneDelegate.swift */,
				715F42B8297C406E003DD749 /* ViewController.swift */,
				715F42BA297C406E003DD749 /* Main.storyboard */,
				715F42BD297C406E003DD749 /* Assets.xcassets */,
				715F42BF297C406E003DD749 /* LaunchScreen.storyboard */,
				715F42C2297C406E003DD749 /* Info.plist */,
			);
			path = "TDD-Async-Combine-And-Timers";
			sourceTree = "<group>";
		};
		715F42CA297C406E003DD749 /* TDD-Async-Combine-And-TimersTests */ = {
			isa = PBXGroup;
			children = (
				715F42CB297C406E003DD749 /* TDD_Async_Combine_And_TimersTests.swift */,
			);
			path = "TDD-Async-Combine-And-TimersTests";
			sourceTree = "<group>";
		};
		715F42D4297C406E003DD749 /* TDD-Async-Combine-And-TimersUITests */ = {
			isa = PBXGroup;
			children = (
				715F42D5297C406E003DD749 /* TDD_Async_Combine_And_TimersUITests.swift */,
				715F42D7297C406E003DD749 /* TDD_Async_Combine_And_TimersUITestsLaunchTests.swift */,
			);
			path = "TDD-Async-Combine-And-TimersUITests";
			sourceTree = "<group>";
		};
		715F42E7297C40CA003DD749 /* FreshDataProvider */ = {
			isa = PBXGroup;
			children = (
				715F42E8297C40E6003DD749 /* FreshDataProvider.swift */,
			);
			path = FreshDataProvider;
			sourceTree = "<group>";
		};
/* End PBXGroup section */

/* Begin PBXNativeTarget section */
		715F42B0297C406E003DD749 /* TDD-Async-Combine-And-Timers */ = {
			isa = PBXNativeTarget;
			buildConfigurationList = 715F42DB297C406E003DD749 /* Build configuration list for PBXNativeTarget "TDD-Async-Combine-And-Timers" */;
			buildPhases = (
				715F42AD297C406E003DD749 /* Sources */,
				715F42AE297C406E003DD749 /* Frameworks */,
				715F42AF297C406E003DD749 /* Resources */,
			);
			buildRules = (
			);
			dependencies = (
			);
			name = "TDD-Async-Combine-And-Timers";
			packageProductDependencies = (
				715F42E5297C40A6003DD749 /* CombineSchedulers */,
				715F42EB297DB15C003DD749 /* CombineExt */,
			);
			productName = "TDD-Async-Combine-And-Timers";
			productReference = 715F42B1297C406E003DD749 /* TDD-Async-Combine-And-Timers.app */;
			productType = "com.apple.product-type.application";
		};
		715F42C6297C406E003DD749 /* TDD-Async-Combine-And-TimersTests */ = {
			isa = PBXNativeTarget;
			buildConfigurationList = 715F42DE297C406E003DD749 /* Build configuration list for PBXNativeTarget "TDD-Async-Combine-And-TimersTests" */;
			buildPhases = (
				715F42C3297C406E003DD749 /* Sources */,
				715F42C4297C406E003DD749 /* Frameworks */,
				715F42C5297C406E003DD749 /* Resources */,
			);
			buildRules = (
			);
			dependencies = (
				715F42C9297C406E003DD749 /* PBXTargetDependency */,
			);
			name = "TDD-Async-Combine-And-TimersTests";
			productName = "TDD-Async-Combine-And-TimersTests";
			productReference = 715F42C7297C406E003DD749 /* TDD-Async-Combine-And-TimersTests.xctest */;
			productType = "com.apple.product-type.bundle.unit-test";
		};
		715F42D0297C406E003DD749 /* TDD-Async-Combine-And-TimersUITests */ = {
			isa = PBXNativeTarget;
			buildConfigurationList = 715F42E1297C406E003DD749 /* Build configuration list for PBXNativeTarget "TDD-Async-Combine-And-TimersUITests" */;
			buildPhases = (
				715F42CD297C406E003DD749 /* Sources */,
				715F42CE297C406E003DD749 /* Frameworks */,
				715F42CF297C406E003DD749 /* Resources */,
			);
			buildRules = (
			);
			dependencies = (
				715F42D3297C406E003DD749 /* PBXTargetDependency */,
			);
			name = "TDD-Async-Combine-And-TimersUITests";
			productName = "TDD-Async-Combine-And-TimersUITests";
			productReference = 715F42D1297C406E003DD749 /* TDD-Async-Combine-And-TimersUITests.xctest */;
			productType = "com.apple.product-type.bundle.ui-testing";
		};
/* End PBXNativeTarget section */

/* Begin PBXProject section */
		715F42A9297C406E003DD749 /* Project object */ = {
			isa = PBXProject;
			attributes = {
				BuildIndependentTargetsInParallel = 1;
				LastSwiftUpdateCheck = 1400;
				LastUpgradeCheck = 1400;
				TargetAttributes = {
					715F42B0297C406E003DD749 = {
						CreatedOnToolsVersion = 14.0.1;
					};
					715F42C6297C406E003DD749 = {
						CreatedOnToolsVersion = 14.0.1;
						TestTargetID = 715F42B0297C406E003DD749;
					};
					715F42D0297C406E003DD749 = {
						CreatedOnToolsVersion = 14.0.1;
						TestTargetID = 715F42B0297C406E003DD749;
					};
				};
			};
			buildConfigurationList = 715F42AC297C406E003DD749 /* Build configuration list for PBXProject "TDD-Async-Combine-And-Timers" */;
			compatibilityVersion = "Xcode 14.0";
			developmentRegion = en;
			hasScannedForEncodings = 0;
			knownRegions = (
				en,
				Base,
			);
			mainGroup = 715F42A8297C406E003DD749;
			packageReferences = (
				715F42E4297C40A6003DD749 /* XCRemoteSwiftPackageReference "combine-schedulers" */,
				715F42EA297DB15C003DD749 /* XCRemoteSwiftPackageReference "CombineExt" */,
			);
			productRefGroup = 715F42B2297C406E003DD749 /* Products */;
			projectDirPath = "";
			projectRoot = "";
			targets = (
				715F42B0297C406E003DD749 /* TDD-Async-Combine-And-Timers */,
				715F42C6297C406E003DD749 /* TDD-Async-Combine-And-TimersTests */,
				715F42D0297C406E003DD749 /* TDD-Async-Combine-And-TimersUITests */,
			);
		};
/* End PBXProject section */

/* Begin PBXResourcesBuildPhase section */
		715F42AF297C406E003DD749 /* Resources */ = {
			isa = PBXResourcesBuildPhase;
			buildActionMask = 2147483647;
			files = (
				715F42C1297C406E003DD749 /* LaunchScreen.storyboard in Resources */,
				715F42BE297C406E003DD749 /* Assets.xcassets in Resources */,
				715F42BC297C406E003DD749 /* Main.storyboard in Resources */,
			);
			runOnlyForDeploymentPostprocessing = 0;
		};
		715F42C5297C406E003DD749 /* Resources */ = {
			isa = PBXResourcesBuildPhase;
			buildActionMask = 2147483647;
			files = (
			);
			runOnlyForDeploymentPostprocessing = 0;
		};
		715F42CF297C406E003DD749 /* Resources */ = {
			isa = PBXResourcesBuildPhase;
			buildActionMask = 2147483647;
			files = (
			);
			runOnlyForDeploymentPostprocessing = 0;
		};
/* End PBXResourcesBuildPhase section */

/* Begin PBXSourcesBuildPhase section */
		715F42AD297C406E003DD749 /* Sources */ = {
			isa = PBXSourcesBuildPhase;
			buildActionMask = 2147483647;
			files = (
				715F42B9297C406E003DD749 /* ViewController.swift in Sources */,
				715F42B5297C406E003DD749 /* AppDelegate.swift in Sources */,
				715F42B7297C406E003DD749 /* SceneDelegate.swift in Sources */,
				715F42E9297C40E6003DD749 /* FreshDataProvider.swift in Sources */,
			);
			runOnlyForDeploymentPostprocessing = 0;
		};
		715F42C3297C406E003DD749 /* Sources */ = {
			isa = PBXSourcesBuildPhase;
			buildActionMask = 2147483647;
			files = (
				715F42CC297C406E003DD749 /* TDD_Async_Combine_And_TimersTests.swift in Sources */,
			);
			runOnlyForDeploymentPostprocessing = 0;
		};
		715F42CD297C406E003DD749 /* Sources */ = {
			isa = PBXSourcesBuildPhase;
			buildActionMask = 2147483647;
			files = (
				715F42D8297C406E003DD749 /* TDD_Async_Combine_And_TimersUITestsLaunchTests.swift in Sources */,
				715F42D6297C406E003DD749 /* TDD_Async_Combine_And_TimersUITests.swift in Sources */,
			);
			runOnlyForDeploymentPostprocessing = 0;
		};
/* End PBXSourcesBuildPhase section */

/* Begin PBXTargetDependency section */
		715F42C9297C406E003DD749 /* PBXTargetDependency */ = {
			isa = PBXTargetDependency;
			target = 715F42B0297C406E003DD749 /* TDD-Async-Combine-And-Timers */;
			targetProxy = 715F42C8297C406E003DD749 /* PBXContainerItemProxy */;
		};
		715F42D3297C406E003DD749 /* PBXTargetDependency */ = {
			isa = PBXTargetDependency;
			target = 715F42B0297C406E003DD749 /* TDD-Async-Combine-And-Timers */;
			targetProxy = 715F42D2297C406E003DD749 /* PBXContainerItemProxy */;
		};
/* End PBXTargetDependency section */

/* Begin PBXVariantGroup section */
		715F42BA297C406E003DD749 /* Main.storyboard */ = {
			isa = PBXVariantGroup;
			children = (
				715F42BB297C406E003DD749 /* Base */,
			);
			name = Main.storyboard;
			sourceTree = "<group>";
		};
		715F42BF297C406E003DD749 /* LaunchScreen.storyboard */ = {
			isa = PBXVariantGroup;
			children = (
				715F42C0297C406E003DD749 /* Base */,
			);
			name = LaunchScreen.storyboard;
			sourceTree = "<group>";
		};
/* End PBXVariantGroup section */

/* Begin XCBuildConfiguration section */
		715F42D9297C406E003DD749 /* Debug */ = {
			isa = XCBuildConfiguration;
			buildSettings = {
				ALWAYS_SEARCH_USER_PATHS = NO;
				CLANG_ANALYZER_NONNULL = YES;
				CLANG_ANALYZER_NUMBER_OBJECT_CONVERSION = YES_AGGRESSIVE;
				CLANG_CXX_LANGUAGE_STANDARD = "gnu++20";
				CLANG_ENABLE_MODULES = YES;
				CLANG_ENABLE_OBJC_ARC = YES;
				CLANG_ENABLE_OBJC_WEAK = YES;
				CLANG_WARN_BLOCK_CAPTURE_AUTORELEASING = YES;
				CLANG_WARN_BOOL_CONVERSION = YES;
				CLANG_WARN_COMMA = YES;
				CLANG_WARN_CONSTANT_CONVERSION = YES;
				CLANG_WARN_DEPRECATED_OBJC_IMPLEMENTATIONS = YES;
				CLANG_WARN_DIRECT_OBJC_ISA_USAGE = YES_ERROR;
				CLANG_WARN_DOCUMENTATION_COMMENTS = YES;
				CLANG_WARN_EMPTY_BODY = YES;
				CLANG_WARN_ENUM_CONVERSION = YES;
				CLANG_WARN_INFINITE_RECURSION = YES;
				CLANG_WARN_INT_CONVERSION = YES;
				CLANG_WARN_NON_LITERAL_NULL_CONVERSION = YES;
				CLANG_WARN_OBJC_IMPLICIT_RETAIN_SELF = YES;
				CLANG_WARN_OBJC_LITERAL_CONVERSION = YES;
				CLANG_WARN_OBJC_ROOT_CLASS = YES_ERROR;
				CLANG_WARN_QUOTED_INCLUDE_IN_FRAMEWORK_HEADER = YES;
				CLANG_WARN_RANGE_LOOP_ANALYSIS = YES;
				CLANG_WARN_STRICT_PROTOTYPES = YES;
				CLANG_WARN_SUSPICIOUS_MOVE = YES;
				CLANG_WARN_UNGUARDED_AVAILABILITY = YES_AGGRESSIVE;
				CLANG_WARN_UNREACHABLE_CODE = YES;
				CLANG_WARN__DUPLICATE_METHOD_MATCH = YES;
				COPY_PHASE_STRIP = NO;
				DEBUG_INFORMATION_FORMAT = dwarf;
				ENABLE_STRICT_OBJC_MSGSEND = YES;
				ENABLE_TESTABILITY = YES;
				GCC_C_LANGUAGE_STANDARD = gnu11;
				GCC_DYNAMIC_NO_PIC = NO;
				GCC_NO_COMMON_BLOCKS = YES;
				GCC_OPTIMIZATION_LEVEL = 0;
				GCC_PREPROCESSOR_DEFINITIONS = (
					"DEBUG=1",
					"$(inherited)",
				);
				GCC_WARN_64_TO_32_BIT_CONVERSION = YES;
				GCC_WARN_ABOUT_RETURN_TYPE = YES_ERROR;
				GCC_WARN_UNDECLARED_SELECTOR = YES;
				GCC_WARN_UNINITIALIZED_AUTOS = YES_AGGRESSIVE;
				GCC_WARN_UNUSED_FUNCTION = YES;
				GCC_WARN_UNUSED_VARIABLE = YES;
				IPHONEOS_DEPLOYMENT_TARGET = 16.0;
				MTL_ENABLE_DEBUG_INFO = INCLUDE_SOURCE;
				MTL_FAST_MATH = YES;
				ONLY_ACTIVE_ARCH = YES;
				SDKROOT = iphoneos;
				SWIFT_ACTIVE_COMPILATION_CONDITIONS = DEBUG;
				SWIFT_OPTIMIZATION_LEVEL = "-Onone";
			};
			name = Debug;
		};
		715F42DA297C406E003DD749 /* Release */ = {
			isa = XCBuildConfiguration;
			buildSettings = {
				ALWAYS_SEARCH_USER_PATHS = NO;
				CLANG_ANALYZER_NONNULL = YES;
				CLANG_ANALYZER_NUMBER_OBJECT_CONVERSION = YES_AGGRESSIVE;
				CLANG_CXX_LANGUAGE_STANDARD = "gnu++20";
				CLANG_ENABLE_MODULES = YES;
				CLANG_ENABLE_OBJC_ARC = YES;
				CLANG_ENABLE_OBJC_WEAK = YES;
				CLANG_WARN_BLOCK_CAPTURE_AUTORELEASING = YES;
				CLANG_WARN_BOOL_CONVERSION = YES;
				CLANG_WARN_COMMA = YES;
				CLANG_WARN_CONSTANT_CONVERSION = YES;
				CLANG_WARN_DEPRECATED_OBJC_IMPLEMENTATIONS = YES;
				CLANG_WARN_DIRECT_OBJC_ISA_USAGE = YES_ERROR;
				CLANG_WARN_DOCUMENTATION_COMMENTS = YES;
				CLANG_WARN_EMPTY_BODY = YES;
				CLANG_WARN_ENUM_CONVERSION = YES;
				CLANG_WARN_INFINITE_RECURSION = YES;
				CLANG_WARN_INT_CONVERSION = YES;
				CLANG_WARN_NON_LITERAL_NULL_CONVERSION = YES;
				CLANG_WARN_OBJC_IMPLICIT_RETAIN_SELF = YES;
				CLANG_WARN_OBJC_LITERAL_CONVERSION = YES;
				CLANG_WARN_OBJC_ROOT_CLASS = YES_ERROR;
				CLANG_WARN_QUOTED_INCLUDE_IN_FRAMEWORK_HEADER = YES;
				CLANG_WARN_RANGE_LOOP_ANALYSIS = YES;
				CLANG_WARN_STRICT_PROTOTYPES = YES;
				CLANG_WARN_SUSPICIOUS_MOVE = YES;
				CLANG_WARN_UNGUARDED_AVAILABILITY = YES_AGGRESSIVE;
				CLANG_WARN_UNREACHABLE_CODE = YES;
				CLANG_WARN__DUPLICATE_METHOD_MATCH = YES;
				COPY_PHASE_STRIP = NO;
				DEBUG_INFORMATION_FORMAT = "dwarf-with-dsym";
				ENABLE_NS_ASSERTIONS = NO;
				ENABLE_STRICT_OBJC_MSGSEND = YES;
				GCC_C_LANGUAGE_STANDARD = gnu11;
				GCC_NO_COMMON_BLOCKS = YES;
				GCC_WARN_64_TO_32_BIT_CONVERSION = YES;
				GCC_WARN_ABOUT_RETURN_TYPE = YES_ERROR;
				GCC_WARN_UNDECLARED_SELECTOR = YES;
				GCC_WARN_UNINITIALIZED_AUTOS = YES_AGGRESSIVE;
				GCC_WARN_UNUSED_FUNCTION = YES;
				GCC_WARN_UNUSED_VARIABLE = YES;
				IPHONEOS_DEPLOYMENT_TARGET = 16.0;
				MTL_ENABLE_DEBUG_INFO = NO;
				MTL_FAST_MATH = YES;
				SDKROOT = iphoneos;
				SWIFT_COMPILATION_MODE = wholemodule;
				SWIFT_OPTIMIZATION_LEVEL = "-O";
				VALIDATE_PRODUCT = YES;
			};
			name = Release;
		};
		715F42DC297C406E003DD749 /* Debug */ = {
			isa = XCBuildConfiguration;
			buildSettings = {
				ASSETCATALOG_COMPILER_APPICON_NAME = AppIcon;
				ASSETCATALOG_COMPILER_GLOBAL_ACCENT_COLOR_NAME = AccentColor;
				CODE_SIGN_STYLE = Automatic;
				CURRENT_PROJECT_VERSION = 1;
				GENERATE_INFOPLIST_FILE = YES;
				INFOPLIST_FILE = "TDD-Async-Combine-And-Timers/Info.plist";
				INFOPLIST_KEY_UIApplicationSupportsIndirectInputEvents = YES;
				INFOPLIST_KEY_UILaunchStoryboardName = LaunchScreen;
				INFOPLIST_KEY_UIMainStoryboardFile = Main;
				INFOPLIST_KEY_UISupportedInterfaceOrientations_iPad = "UIInterfaceOrientationPortrait UIInterfaceOrientationPortraitUpsideDown UIInterfaceOrientationLandscapeLeft UIInterfaceOrientationLandscapeRight";
				INFOPLIST_KEY_UISupportedInterfaceOrientations_iPhone = "UIInterfaceOrientationPortrait UIInterfaceOrientationLandscapeLeft UIInterfaceOrientationLandscapeRight";
				LD_RUNPATH_SEARCH_PATHS = (
					"$(inherited)",
					"@executable_path/Frameworks",
				);
				MARKETING_VERSION = 1.0;
				PRODUCT_BUNDLE_IDENTIFIER = "test.test.com.TDD-Async-Combine-And-Timers";
				PRODUCT_NAME = "$(TARGET_NAME)";
				SWIFT_EMIT_LOC_STRINGS = YES;
				SWIFT_VERSION = 5.0;
				TARGETED_DEVICE_FAMILY = "1,2";
			};
			name = Debug;
		};
		715F42DD297C406E003DD749 /* Release */ = {
			isa = XCBuildConfiguration;
			buildSettings = {
				ASSETCATALOG_COMPILER_APPICON_NAME = AppIcon;
				ASSETCATALOG_COMPILER_GLOBAL_ACCENT_COLOR_NAME = AccentColor;
				CODE_SIGN_STYLE = Automatic;
				CURRENT_PROJECT_VERSION = 1;
				GENERATE_INFOPLIST_FILE = YES;
				INFOPLIST_FILE = "TDD-Async-Combine-And-Timers/Info.plist";
				INFOPLIST_KEY_UIApplicationSupportsIndirectInputEvents = YES;
				INFOPLIST_KEY_UILaunchStoryboardName = LaunchScreen;
				INFOPLIST_KEY_UIMainStoryboardFile = Main;
				INFOPLIST_KEY_UISupportedInterfaceOrientations_iPad = "UIInterfaceOrientationPortrait UIInterfaceOrientationPortraitUpsideDown UIInterfaceOrientationLandscapeLeft UIInterfaceOrientationLandscapeRight";
				INFOPLIST_KEY_UISupportedInterfaceOrientations_iPhone = "UIInterfaceOrientationPortrait UIInterfaceOrientationLandscapeLeft UIInterfaceOrientationLandscapeRight";
				LD_RUNPATH_SEARCH_PATHS = (
					"$(inherited)",
					"@executable_path/Frameworks",
				);
				MARKETING_VERSION = 1.0;
				PRODUCT_BUNDLE_IDENTIFIER = "test.test.com.TDD-Async-Combine-And-Timers";
				PRODUCT_NAME = "$(TARGET_NAME)";
				SWIFT_EMIT_LOC_STRINGS = YES;
				SWIFT_VERSION = 5.0;
				TARGETED_DEVICE_FAMILY = "1,2";
			};
			name = Release;
		};
		715F42DF297C406E003DD749 /* Debug */ = {
			isa = XCBuildConfiguration;
			buildSettings = {
				ALWAYS_EMBED_SWIFT_STANDARD_LIBRARIES = YES;
				BUNDLE_LOADER = "$(TEST_HOST)";
				CODE_SIGN_STYLE = Automatic;
				CURRENT_PROJECT_VERSION = 1;
				GENERATE_INFOPLIST_FILE = YES;
				IPHONEOS_DEPLOYMENT_TARGET = 16.0;
				MARKETING_VERSION = 1.0;
				PRODUCT_BUNDLE_IDENTIFIER = "test.test.com.TDD-Async-Combine-And-TimersTests";
				PRODUCT_NAME = "$(TARGET_NAME)";
				SWIFT_EMIT_LOC_STRINGS = NO;
				SWIFT_VERSION = 5.0;
				TARGETED_DEVICE_FAMILY = "1,2";
				TEST_HOST = "$(BUILT_PRODUCTS_DIR)/TDD-Async-Combine-And-Timers.app/$(BUNDLE_EXECUTABLE_FOLDER_PATH)/TDD-Async-Combine-And-Timers";
			};
			name = Debug;
		};
		715F42E0297C406E003DD749 /* Release */ = {
			isa = XCBuildConfiguration;
			buildSettings = {
				ALWAYS_EMBED_SWIFT_STANDARD_LIBRARIES = YES;
				BUNDLE_LOADER = "$(TEST_HOST)";
				CODE_SIGN_STYLE = Automatic;
				CURRENT_PROJECT_VERSION = 1;
				GENERATE_INFOPLIST_FILE = YES;
				IPHONEOS_DEPLOYMENT_TARGET = 16.0;
				MARKETING_VERSION = 1.0;
				PRODUCT_BUNDLE_IDENTIFIER = "test.test.com.TDD-Async-Combine-And-TimersTests";
				PRODUCT_NAME = "$(TARGET_NAME)";
				SWIFT_EMIT_LOC_STRINGS = NO;
				SWIFT_VERSION = 5.0;
				TARGETED_DEVICE_FAMILY = "1,2";
				TEST_HOST = "$(BUILT_PRODUCTS_DIR)/TDD-Async-Combine-And-Timers.app/$(BUNDLE_EXECUTABLE_FOLDER_PATH)/TDD-Async-Combine-And-Timers";
			};
			name = Release;
		};
		715F42E2297C406E003DD749 /* Debug */ = {
			isa = XCBuildConfiguration;
			buildSettings = {
				ALWAYS_EMBED_SWIFT_STANDARD_LIBRARIES = YES;
				CODE_SIGN_STYLE = Automatic;
				CURRENT_PROJECT_VERSION = 1;
				GENERATE_INFOPLIST_FILE = YES;
				MARKETING_VERSION = 1.0;
				PRODUCT_BUNDLE_IDENTIFIER = "test.test.com.TDD-Async-Combine-And-TimersUITests";
				PRODUCT_NAME = "$(TARGET_NAME)";
				SWIFT_EMIT_LOC_STRINGS = NO;
				SWIFT_VERSION = 5.0;
				TARGETED_DEVICE_FAMILY = "1,2";
				TEST_TARGET_NAME = "TDD-Async-Combine-And-Timers";
			};
			name = Debug;
		};
		715F42E3297C406E003DD749 /* Release */ = {
			isa = XCBuildConfiguration;
			buildSettings = {
				ALWAYS_EMBED_SWIFT_STANDARD_LIBRARIES = YES;
				CODE_SIGN_STYLE = Automatic;
				CURRENT_PROJECT_VERSION = 1;
				GENERATE_INFOPLIST_FILE = YES;
				MARKETING_VERSION = 1.0;
				PRODUCT_BUNDLE_IDENTIFIER = "test.test.com.TDD-Async-Combine-And-TimersUITests";
				PRODUCT_NAME = "$(TARGET_NAME)";
				SWIFT_EMIT_LOC_STRINGS = NO;
				SWIFT_VERSION = 5.0;
				TARGETED_DEVICE_FAMILY = "1,2";
				TEST_TARGET_NAME = "TDD-Async-Combine-And-Timers";
			};
			name = Release;
		};
/* End XCBuildConfiguration section */

/* Begin XCConfigurationList section */
		715F42AC297C406E003DD749 /* Build configuration list for PBXProject "TDD-Async-Combine-And-Timers" */ = {
			isa = XCConfigurationList;
			buildConfigurations = (
				715F42D9297C406E003DD749 /* Debug */,
				715F42DA297C406E003DD749 /* Release */,
			);
			defaultConfigurationIsVisible = 0;
			defaultConfigurationName = Release;
		};
		715F42DB297C406E003DD749 /* Build configuration list for PBXNativeTarget "TDD-Async-Combine-And-Timers" */ = {
			isa = XCConfigurationList;
			buildConfigurations = (
				715F42DC297C406E003DD749 /* Debug */,
				715F42DD297C406E003DD749 /* Release */,
			);
			defaultConfigurationIsVisible = 0;
			defaultConfigurationName = Release;
		};
		715F42DE297C406E003DD749 /* Build configuration list for PBXNativeTarget "TDD-Async-Combine-And-TimersTests" */ = {
			isa = XCConfigurationList;
			buildConfigurations = (
				715F42DF297C406E003DD749 /* Debug */,
				715F42E0297C406E003DD749 /* Release */,
			);
			defaultConfigurationIsVisible = 0;
			defaultConfigurationName = Release;
		};
		715F42E1297C406E003DD749 /* Build configuration list for PBXNativeTarget "TDD-Async-Combine-And-TimersUITests" */ = {
			isa = XCConfigurationList;
			buildConfigurations = (
				715F42E2297C406E003DD749 /* Debug */,
				715F42E3297C406E003DD749 /* Release */,
			);
			defaultConfigurationIsVisible = 0;
			defaultConfigurationName = Release;
		};
/* End XCConfigurationList section */

/* Begin XCRemoteSwiftPackageReference section */
		715F42E4297C40A6003DD749 /* XCRemoteSwiftPackageReference "combine-schedulers" */ = {
			isa = XCRemoteSwiftPackageReference;
			repositoryURL = "https://github.com/pointfreeco/combine-schedulers";
			requirement = {
				kind = exactVersion;
				version = 0.9.1;
			};
		};
		715F42EA297DB15C003DD749 /* XCRemoteSwiftPackageReference "CombineExt" */ = {
			isa = XCRemoteSwiftPackageReference;
			repositoryURL = "https://github.com/CombineCommunity/CombineExt";
			requirement = {
				kind = exactVersion;
				version = 1.8.1;
			};
		};
/* End XCRemoteSwiftPackageReference section */

/* Begin XCSwiftPackageProductDependency section */
		715F42E5297C40A6003DD749 /* CombineSchedulers */ = {
			isa = XCSwiftPackageProductDependency;
			package = 715F42E4297C40A6003DD749 /* XCRemoteSwiftPackageReference "combine-schedulers" */;
			productName = CombineSchedulers;
		};
		715F42EB297DB15C003DD749 /* CombineExt */ = {
			isa = XCSwiftPackageProductDependency;
			package = 715F42EA297DB15C003DD749 /* XCRemoteSwiftPackageReference "CombineExt" */;
			productName = CombineExt;
		};
/* End XCSwiftPackageProductDependency section */
	};
	rootObject = 715F42A9297C406E003DD749 /* Project object */;
}
